
Microsoft Visual Studio Solution File, Format Version 12.00
# Visual Studio 2012
Project("{FAE04EC0-301F-11D3-BF4B-00C04F79EFBC}") = "MovableControl", "MovableControl\MovableControl.csproj", "{5CEC04EF-EFBF-4864-816D-DD0894887FBE}"
EndProject
Global
	GlobalSection(SolutionConfigurationPlatforms) = preSolution
		Debug|Any CPU = Debug|Any CPU
		Release|Any CPU = Release|Any CPU
	EndGlobalSection
	GlobalSection(ProjectConfigurationPlatforms) = postSolution
		{5CEC04EF-EFBF-4864-816D-DD0894887FBE}.Debug|Any CPU.ActiveCfg = Debug|Any CPU
		{5CEC04EF-EFBF-4864-816D-DD0894887FBE}.Debug|Any CPU.Build.0 = Debug|Any CPU
		{5CEC04EF-EFBF-4864-816D-DD0894887FBE}.Release|Any CPU.ActiveCfg = Release|Any CPU
		{5CEC04EF-EFBF-4864-816D-DD0894887FBE}.Release|Any CPU.Build.0 = Release|Any CPU
	EndGlobalSection
	GlobalSection(SolutionProperties) = preSolution
		HideSolutionNode = FALSE
	EndGlobalSection
EndGlobal
